{"version":4,"terraform_version":"1.10.3","serial":2,"lineage":"44515528-4593-2345-65af-1f3252701e34","outputs":{"cost_explorer_function_arn":{"value":"arn:aws:lambda:us-east-2:097230325524:function:detached-ebs-monitor-cost-explorer-develop","type":"string"},"lambda_function_arn":{"value":"arn:aws:lambda:us-east-2:097230325524:function:detached-ebs-monitor-develop","type":"string"},"ses_verification_guidance":{"value":"Remember to verify your sender email your-verified-email@example.com through the AWS SES console","type":"string"},"test_volume_ids":{"value":["vol-08b015eca532b478c","vol-021ba0817cb746111","vol-047db015d047480a2"],"type":["tuple",["string","string","string"]]},"test_volumes_delete_after":{"value":"2025-07-22","type":"string"}},"resources":[{"mode":"data","type":"archive_file","name":"cost_explorer_zip","provider":"provider[\"registry.opentofu.org/hashicorp/archive\"]","instances":[{"schema_version":0,"attributes":{"exclude_symlink_directories":null,"excludes":null,"id":"c30ae3d71ddf5423084ac24b1519eadd7414f985","output_base64sha256":"GDwO9yQ+06ofyzTNRjMRwBaXikBveiW7TOTuLB+qDOA=","output_base64sha512":"pSEFx8mt7jC9Cr8RI2CycN69qqQ6cdZjWqgnTsM5sFIU/adWBVMMPTySf9/aoWkaWZIZa0XEskQe5Oz6zjp5iQ==","output_file_mode":null,"output_md5":"edcc506e5871f2348b94e721d3cf4c8e","output_path":"./lambda/cost_explorer_dashboard.zip","output_sha":"c30ae3d71ddf5423084ac24b1519eadd7414f985","output_sha256":"183c0ef7243ed3aa1fcb34cd463311c016978a406f7a25bb4ce4ee2c1faa0ce0","output_sha512":"a52105c7c9adee30bd0abf112360b270debdaaa43a71d6635aa8274ec339b05214fda75605530c3d3c927fdfdaa1691a5992196b45c4b2441ee4ecface3a7989","output_size":3975,"source":[],"source_content":null,"source_content_filename":null,"source_dir":null,"source_file":"./lambda/cost_explorer_dashboard.py","type":"zip"},"sensitive_attributes":[]}]},{"mode":"data","type":"archive_file","name":"lambda_zip","provider":"provider[\"registry.opentofu.org/hashicorp/archive\"]","instances":[{"schema_version":0,"attributes":{"exclude_symlink_directories":null,"excludes":null,"id":"a746376587de1bb37004ff0366bcbdf776fa72a5","output_base64sha256":"TDyVXo6O5THCz+4ZOTIj0r4rwhyf9kzKzOySfdvVeTw=","output_base64sha512":"XoiwW9SHaJaDpvClNKjUjqi0QJNt6OHa2cxbUMGFa61mMnNDNpmjIUBdPVk286uQTtQcjLwv8/AsYXCh1F92pg==","output_file_mode":null,"output_md5":"223a6418b158537571fd6abff8d3a653","output_path":"./lambda/detached_ebs_monitor.zip","output_sha":"a746376587de1bb37004ff0366bcbdf776fa72a5","output_sha256":"4c3c955e8e8ee531c2cfee19393223d2be2bc21c9ff64ccaccec927ddbd5793c","output_sha512":"5e88b05bd487689683a6f0a534a8d48ea8b440936de8e1dad9cc5b50c1856bad663273433699a321405d3d5936f3ab904ed41c8cbc2ff3f02c6170a1d45f76a6","output_size":2404,"source":[],"source_content":null,"source_content_filename":null,"source_dir":null,"source_file":"./lambda/detached_ebs_monitor.py","type":"zip"},"sensitive_attributes":[]}]},{"mode":"data","type":"aws_availability_zones","name":"available","provider":"provider[\"registry.opentofu.org/hashicorp/aws\"]","instances":[{"schema_version":0,"attributes":{"all_availability_zones":null,"exclude_names":null,"exclude_zone_ids":null,"filter":null,"group_names":["us-east-2-zg-1"],"id":"us-east-2","names":["us-east-2a","us-east-2b","us-east-2c"],"region":"us-east-2","state":"available","timeouts":null,"zone_ids":["use2-az1","use2-az2","use2-az3"]},"sensitive_attributes":[]}]},{"mode":"managed","type":"aws_cloudwatch_event_rule","name":"cost_explorer_schedule","provider":"provider[\"registry.opentofu.org/hashicorp/aws\"]","instances":[{"schema_version":1,"attributes":{"arn":"arn:aws:events:us-east-2:097230325524:rule/detached-ebs-monitor-cost-explorer-schedule-develop","description":"Schedule for cost explorer report","event_bus_name":"default","event_pattern":null,"force_destroy":false,"id":"detached-ebs-monitor-cost-explorer-schedule-develop","is_enabled":true,"name":"detached-ebs-monitor-cost-explorer-schedule-develop","name_prefix":"","region":"us-east-2","role_arn":"","schedule_expression":"cron(0 8 1 * ? *)","state":"ENABLED","tags":{},"tags_all":{"createdBy":"terraform","environment":"develop","project":"AWS-Cost-Optimization"}},"sensitive_attributes":[],"private":"eyJzY2hlbWFfdmVyc2lvbiI6IjEifQ=="}]},{"mode":"managed","type":"aws_cloudwatch_event_rule","name":"schedule","provider":"provider[\"registry.opentofu.org/hashicorp/aws\"]","instances":[{"schema_version":1,"attributes":{"arn":"arn:aws:events:us-east-2:097230325524:rule/detached-ebs-monitor-schedule-develop","description":"Schedule for detached EBS volume monitoring","event_bus_name":"default","event_pattern":null,"force_destroy":false,"id":"detached-ebs-monitor-schedule-develop","is_enabled":true,"name":"detached-ebs-monitor-schedule-develop","name_prefix":"","region":"us-east-2","role_arn":"","schedule_expression":"cron(0 9 ? * MON *)","state":"ENABLED","tags":{},"tags_all":{"createdBy":"terraform","environment":"develop","project":"AWS-Cost-Optimization"}},"sensitive_attributes":[],"private":"eyJzY2hlbWFfdmVyc2lvbiI6IjEifQ=="}]},{"mode":"managed","type":"aws_cloudwatch_event_target","name":"cost_explorer_target","provider":"provider[\"registry.opentofu.org/hashicorp/aws\"]","instances":[{"schema_version":1,"attributes":{"appsync_target":[],"arn":"arn:aws:lambda:us-east-2:097230325524:function:detached-ebs-monitor-cost-explorer-develop","batch_target":[],"dead_letter_config":[],"ecs_target":[],"event_bus_name":"default","force_destroy":false,"http_target":[],"id":"detached-ebs-monitor-cost-explorer-schedule-develop-TriggerCostExplorerLambda","input":"","input_path":"","input_transformer":[],"kinesis_target":[],"redshift_target":[],"region":"us-east-2","retry_policy":[],"role_arn":"","rule":"detached-ebs-monitor-cost-explorer-schedule-develop","run_command_targets":[],"sagemaker_pipeline_target":[],"sqs_target":[],"target_id":"TriggerCostExplorerLambda"},"sensitive_attributes":[],"private":"eyJzY2hlbWFfdmVyc2lvbiI6IjEifQ==","dependencies":["aws_cloudwatch_event_rule.cost_explorer_schedule","aws_iam_policy.cost_explorer_policy","aws_iam_role.cost_explorer_role","aws_iam_role_policy_attachment.cost_explorer_basic_execution","aws_iam_role_policy_attachment.cost_explorer_policy_attachment","aws_lambda_function.cost_explorer","data.archive_file.cost_explorer_zip"]}]},{"mode":"managed","type":"aws_cloudwatch_event_target","name":"lambda_target","provider":"provider[\"registry.opentofu.org/hashicorp/aws\"]","instances":[{"schema_version":1,"attributes":{"appsync_target":[],"arn":"arn:aws:lambda:us-east-2:097230325524:function:detached-ebs-monitor-develop","batch_target":[],"dead_letter_config":[],"ecs_target":[],"event_bus_name":"default","force_destroy":false,"http_target":[],"id":"detached-ebs-monitor-schedule-develop-TriggerLambda","input":"","input_path":"","input_transformer":[],"kinesis_target":[],"redshift_target":[],"region":"us-east-2","retry_policy":[],"role_arn":"","rule":"detached-ebs-monitor-schedule-develop","run_command_targets":[],"sagemaker_pipeline_target":[],"sqs_target":[],"target_id":"TriggerLambda"},"sensitive_attributes":[],"private":"eyJzY2hlbWFfdmVyc2lvbiI6IjEifQ==","dependencies":["aws_cloudwatch_event_rule.schedule","aws_iam_policy.lambda_policy","aws_iam_role.lambda_role","aws_iam_role_policy_attachment.lambda_basic_execution","aws_iam_role_policy_attachment.lambda_policy_attachment","aws_lambda_function.detached_ebs_monitor","data.archive_file.lambda_zip"]}]},{"mode":"managed","type":"aws_ebs_volume","name":"test_detached_volumes","provider":"provider[\"registry.opentofu.org/hashicorp/aws\"]","instances":[{"index_key":0,"schema_version":0,"attributes":{"arn":"arn:aws:ec2:us-east-2:097230325524:volume/vol-08b015eca532b478c","availability_zone":"us-east-2a","create_time":"2025-07-21T03:45:21Z","encrypted":false,"final_snapshot":false,"id":"vol-08b015eca532b478c","iops":3000,"kms_key_id":"","multi_attach_enabled":false,"outpost_arn":"","region":"us-east-2","size":2,"snapshot_id":"","tags":{"DeleteAfter":"2025-07-22","Name":"test-detached-volume-1","Purpose":"Testing EBS volume detection","createdBy":"OpenTofu","environment":"develop","project":"detached-ebs-monitor"},"tags_all":{"DeleteAfter":"2025-07-22","Name":"test-detached-volume-1","Purpose":"Testing EBS volume detection","createdBy":"OpenTofu","environment":"develop","project":"detached-ebs-monitor"},"throughput":125,"timeouts":null,"type":"gp3"},"sensitive_attributes":[],"private":"eyJlMmJmYjczMC1lY2FhLTExZTYtOGY4OC0zNDM2M2JjN2M0YzAiOnsiY3JlYXRlIjozMDAwMDAwMDAwMDAsImRlbGV0ZSI6NjAwMDAwMDAwMDAwLCJ1cGRhdGUiOjMwMDAwMDAwMDAwMH19","dependencies":["data.aws_availability_zones.available"],"create_before_destroy":true},{"index_key":1,"schema_version":0,"attributes":{"arn":"arn:aws:ec2:us-east-2:097230325524:volume/vol-021ba0817cb746111","availability_zone":"us-east-2b","create_time":"2025-07-21T03:45:21Z","encrypted":false,"final_snapshot":false,"id":"vol-021ba0817cb746111","iops":100,"kms_key_id":"","multi_attach_enabled":false,"outpost_arn":"","region":"us-east-2","size":2,"snapshot_id":"","tags":{"DeleteAfter":"2025-07-22","Name":"test-detached-volume-2","Purpose":"Testing EBS volume detection","createdBy":"OpenTofu","environment":"develop","project":"detached-ebs-monitor"},"tags_all":{"DeleteAfter":"2025-07-22","Name":"test-detached-volume-2","Purpose":"Testing EBS volume detection","createdBy":"OpenTofu","environment":"develop","project":"detached-ebs-monitor"},"throughput":0,"timeouts":null,"type":"gp2"},"sensitive_attributes":[],"private":"eyJlMmJmYjczMC1lY2FhLTExZTYtOGY4OC0zNDM2M2JjN2M0YzAiOnsiY3JlYXRlIjozMDAwMDAwMDAwMDAsImRlbGV0ZSI6NjAwMDAwMDAwMDAwLCJ1cGRhdGUiOjMwMDAwMDAwMDAwMH19","dependencies":["data.aws_availability_zones.available"],"create_before_destroy":true},{"index_key":2,"schema_version":0,"attributes":{"arn":"arn:aws:ec2:us-east-2:097230325524:volume/vol-047db015d047480a2","availability_zone":"us-east-2c","create_time":"2025-07-21T03:45:21Z","encrypted":false,"final_snapshot":false,"id":"vol-047db015d047480a2","iops":3000,"kms_key_id":"","multi_attach_enabled":false,"outpost_arn":"","region":"us-east-2","size":2,"snapshot_id":"","tags":{"DeleteAfter":"2025-07-22","Name":"test-detached-volume-3","Purpose":"Testing EBS volume detection","createdBy":"OpenTofu","environment":"develop","project":"detached-ebs-monitor"},"tags_all":{"DeleteAfter":"2025-07-22","Name":"test-detached-volume-3","Purpose":"Testing EBS volume detection","createdBy":"OpenTofu","environment":"develop","project":"detached-ebs-monitor"},"throughput":125,"timeouts":null,"type":"gp3"},"sensitive_attributes":[],"private":"eyJlMmJmYjczMC1lY2FhLTExZTYtOGY4OC0zNDM2M2JjN2M0YzAiOnsiY3JlYXRlIjozMDAwMDAwMDAwMDAsImRlbGV0ZSI6NjAwMDAwMDAwMDAwLCJ1cGRhdGUiOjMwMDAwMDAwMDAwMH19","dependencies":["data.aws_availability_zones.available"],"create_before_destroy":true}]},{"mode":"managed","type":"aws_iam_policy","name":"cost_explorer_policy","provider":"provider[\"registry.opentofu.org/hashicorp/aws\"]","instances":[{"schema_version":0,"attributes":{"arn":"arn:aws:iam::097230325524:policy/detached-ebs-monitor-cost-explorer-policy-develop","attachment_count":1,"description":"Policy for cost explorer Lambda","id":"arn:aws:iam::097230325524:policy/detached-ebs-monitor-cost-explorer-policy-develop","name":"detached-ebs-monitor-cost-explorer-policy-develop","name_prefix":"","path":"/","policy":"{\"Statement\":[{\"Action\":[\"ce:GetCostAndUsage\",\"ce:GetDimensionValues\",\"ce:GetTags\",\"ses:SendEmail\"],\"Effect\":\"Allow\",\"Resource\":\"*\"}],\"Version\":\"2012-10-17\"}","policy_id":"ANPARNI3BA4KFFQZNZ7AU","tags":{},"tags_all":{"createdBy":"terraform","environment":"develop","project":"AWS-Cost-Optimization"}},"sensitive_attributes":[],"private":"bnVsbA=="}]},{"mode":"managed","type":"aws_iam_policy","name":"lambda_policy","provider":"provider[\"registry.opentofu.org/hashicorp/aws\"]","instances":[{"schema_version":0,"attributes":{"arn":"arn:aws:iam::097230325524:policy/detached-ebs-monitor-lambda-policy-develop","attachment_count":1,"description":"Policy for detached EBS volume monitor Lambda","id":"arn:aws:iam::097230325524:policy/detached-ebs-monitor-lambda-policy-develop","name":"detached-ebs-monitor-lambda-policy-develop","name_prefix":"","path":"/","policy":"{\"Statement\":[{\"Action\":[\"ec2:DescribeVolumes\",\"ec2:DescribeInstances\",\"ses:SendEmail\"],\"Effect\":\"Allow\",\"Resource\":\"*\"}],\"Version\":\"2012-10-17\"}","policy_id":"ANPARNI3BA4KI4OZTHEXQ","tags":{},"tags_all":{"createdBy":"terraform","environment":"develop","project":"AWS-Cost-Optimization"}},"sensitive_attributes":[],"private":"bnVsbA=="}]},{"mode":"managed","type":"aws_iam_role","name":"cost_explorer_role","provider":"provider[\"registry.opentofu.org/hashicorp/aws\"]","instances":[{"schema_version":0,"attributes":{"arn":"arn:aws:iam::097230325524:role/detached-ebs-monitor-cost-explorer-role-develop","assume_role_policy":"{\"Statement\":[{\"Action\":\"sts:AssumeRole\",\"Effect\":\"Allow\",\"Principal\":{\"Service\":\"lambda.amazonaws.com\"}}],\"Version\":\"2012-10-17\"}","create_date":"2025-07-21T03:45:21Z","description":"","force_detach_policies":false,"id":"detached-ebs-monitor-cost-explorer-role-develop","inline_policy":[],"managed_policy_arns":["arn:aws:iam::097230325524:policy/detached-ebs-monitor-cost-explorer-policy-develop","arn:aws:iam::aws:policy/service-role/AWSLambdaBasicExecutionRole"],"max_session_duration":3600,"name":"detached-ebs-monitor-cost-explorer-role-develop","name_prefix":"","path":"/","permissions_boundary":"","tags":{},"tags_all":{"createdBy":"terraform","environment":"develop","project":"AWS-Cost-Optimization"},"unique_id":"AROARNI3BA4KDZ2XFWE4G"},"sensitive_attributes":[],"private":"bnVsbA=="}]},{"mode":"managed","type":"aws_iam_role","name":"lambda_role","provider":"provider[\"registry.opentofu.org/hashicorp/aws\"]","instances":[{"schema_version":0,"attributes":{"arn":"arn:aws:iam::097230325524:role/detached-ebs-monitor-lambda-role-develop","assume_role_policy":"{\"Statement\":[{\"Action\":\"sts:AssumeRole\",\"Effect\":\"Allow\",\"Principal\":{\"Service\":\"lambda.amazonaws.com\"}}],\"Version\":\"2012-10-17\"}","create_date":"2025-07-21T03:45:21Z","description":"","force_detach_policies":false,"id":"detached-ebs-monitor-lambda-role-develop","inline_policy":[],"managed_policy_arns":["arn:aws:iam::097230325524:policy/detached-ebs-monitor-lambda-policy-develop","arn:aws:iam::aws:policy/service-role/AWSLambdaBasicExecutionRole"],"max_session_duration":3600,"name":"detached-ebs-monitor-lambda-role-develop","name_prefix":"","path":"/","permissions_boundary":"","tags":{},"tags_all":{"createdBy":"terraform","environment":"develop","project":"AWS-Cost-Optimization"},"unique_id":"AROARNI3BA4KOTDYY26QR"},"sensitive_attributes":[],"private":"bnVsbA=="}]},{"mode":"managed","type":"aws_iam_role_policy_attachment","name":"cost_explorer_basic_execution","provider":"provider[\"registry.opentofu.org/hashicorp/aws\"]","instances":[{"schema_version":0,"attributes":{"id":"detached-ebs-monitor-cost-explorer-role-develop/arn:aws:iam::aws:policy/service-role/AWSLambdaBasicExecutionRole","policy_arn":"arn:aws:iam::aws:policy/service-role/AWSLambdaBasicExecutionRole","role":"detached-ebs-monitor-cost-explorer-role-develop"},"sensitive_attributes":[],"private":"bnVsbA==","dependencies":["aws_iam_role.cost_explorer_role"]}]},{"mode":"managed","type":"aws_iam_role_policy_attachment","name":"cost_explorer_policy_attachment","provider":"provider[\"registry.opentofu.org/hashicorp/aws\"]","instances":[{"schema_version":0,"attributes":{"id":"detached-ebs-monitor-cost-explorer-role-develop/arn:aws:iam::097230325524:policy/detached-ebs-monitor-cost-explorer-policy-develop","policy_arn":"arn:aws:iam::097230325524:policy/detached-ebs-monitor-cost-explorer-policy-develop","role":"detached-ebs-monitor-cost-explorer-role-develop"},"sensitive_attributes":[],"private":"bnVsbA==","dependencies":["aws_iam_policy.cost_explorer_policy","aws_iam_role.cost_explorer_role"]}]},{"mode":"managed","type":"aws_iam_role_policy_attachment","name":"lambda_basic_execution","provider":"provider[\"registry.opentofu.org/hashicorp/aws\"]","instances":[{"schema_version":0,"attributes":{"id":"detached-ebs-monitor-lambda-role-develop/arn:aws:iam::aws:policy/service-role/AWSLambdaBasicExecutionRole","policy_arn":"arn:aws:iam::aws:policy/service-role/AWSLambdaBasicExecutionRole","role":"detached-ebs-monitor-lambda-role-develop"},"sensitive_attributes":[],"private":"bnVsbA==","dependencies":["aws_iam_role.lambda_role"]}]},{"mode":"managed","type":"aws_iam_role_policy_attachment","name":"lambda_policy_attachment","provider":"provider[\"registry.opentofu.org/hashicorp/aws\"]","instances":[{"schema_version":0,"attributes":{"id":"detached-ebs-monitor-lambda-role-develop/arn:aws:iam::097230325524:policy/detached-ebs-monitor-lambda-policy-develop","policy_arn":"arn:aws:iam::097230325524:policy/detached-ebs-monitor-lambda-policy-develop","role":"detached-ebs-monitor-lambda-role-develop"},"sensitive_attributes":[],"private":"bnVsbA==","dependencies":["aws_iam_policy.lambda_policy","aws_iam_role.lambda_role"]}]},{"mode":"managed","type":"aws_lambda_function","name":"cost_explorer","provider":"provider[\"registry.opentofu.org/hashicorp/aws\"]","instances":[{"schema_version":0,"attributes":{"architectures":["x86_64"],"arn":"arn:aws:lambda:us-east-2:097230325524:function:detached-ebs-monitor-cost-explorer-develop","code_sha256":"GDwO9yQ+06ofyzTNRjMRwBaXikBveiW7TOTuLB+qDOA=","code_signing_config_arn":"","dead_letter_config":[],"description":"","environment":[{"variables":{"BUDGET_THRESHOLD":"0","RECIPIENT_EMAILS":"svos022009@gmail.com","REPORT_PERIOD_DAYS":"30","SENDER_EMAIL":"your-verified-email@example.com"}}],"ephemeral_storage":[{"size":512}],"file_system_config":[],"filename":"./lambda/cost_explorer_dashboard.zip","function_name":"detached-ebs-monitor-cost-explorer-develop","handler":"cost_explorer_dashboard.lambda_handler","id":"detached-ebs-monitor-cost-explorer-develop","image_config":[],"image_uri":"","invoke_arn":"arn:aws:apigateway:us-east-2:lambda:path/2015-03-31/functions/arn:aws:lambda:us-east-2:097230325524:function:detached-ebs-monitor-cost-explorer-develop/invocations","kms_key_arn":"","last_modified":"2025-07-21T03:45:30.478+0000","layers":[],"logging_config":[{"application_log_level":"","log_format":"Text","log_group":"/aws/lambda/detached-ebs-monitor-cost-explorer-develop","system_log_level":""}],"memory_size":256,"package_type":"Zip","publish":false,"qualified_arn":"arn:aws:lambda:us-east-2:097230325524:function:detached-ebs-monitor-cost-explorer-develop:$LATEST","qualified_invoke_arn":"arn:aws:apigateway:us-east-2:lambda:path/2015-03-31/functions/arn:aws:lambda:us-east-2:097230325524:function:detached-ebs-monitor-cost-explorer-develop:$LATEST/invocations","region":"us-east-2","replace_security_groups_on_destroy":null,"replacement_security_group_ids":null,"reserved_concurrent_executions":-1,"role":"arn:aws:iam::097230325524:role/detached-ebs-monitor-cost-explorer-role-develop","runtime":"python3.9","s3_bucket":null,"s3_key":null,"s3_object_version":null,"signing_job_arn":"","signing_profile_version_arn":"","skip_destroy":false,"snap_start":[],"source_code_hash":"GDwO9yQ+06ofyzTNRjMRwBaXikBveiW7TOTuLB+qDOA=","source_code_size":3975,"tags":{},"tags_all":{"createdBy":"terraform","environment":"develop","project":"AWS-Cost-Optimization"},"timeout":90,"timeouts":null,"tracing_config":[{"mode":"PassThrough"}],"version":"$LATEST","vpc_config":[]},"sensitive_attributes":[],"private":"eyJlMmJmYjczMC1lY2FhLTExZTYtOGY4OC0zNDM2M2JjN2M0YzAiOnsiY3JlYXRlIjo2MDAwMDAwMDAwMDAsImRlbGV0ZSI6NjAwMDAwMDAwMDAwLCJ1cGRhdGUiOjYwMDAwMDAwMDAwMH19","dependencies":["aws_iam_policy.cost_explorer_policy","aws_iam_role.cost_explorer_role","aws_iam_role_policy_attachment.cost_explorer_basic_execution","aws_iam_role_policy_attachment.cost_explorer_policy_attachment","data.archive_file.cost_explorer_zip"]}]},{"mode":"managed","type":"aws_lambda_function","name":"detached_ebs_monitor","provider":"provider[\"registry.opentofu.org/hashicorp/aws\"]","instances":[{"schema_version":0,"attributes":{"architectures":["x86_64"],"arn":"arn:aws:lambda:us-east-2:097230325524:function:detached-ebs-monitor-develop","code_sha256":"TDyVXo6O5THCz+4ZOTIj0r4rwhyf9kzKzOySfdvVeTw=","code_signing_config_arn":"","dead_letter_config":[],"description":"","environment":[{"variables":{"DAYS_THRESHOLD":"7","RECIPIENT_EMAILS":"svos022009@gmail.com","SENDER_EMAIL":"your-verified-email@example.com"}}],"ephemeral_storage":[{"size":512}],"file_system_config":[],"filename":"./lambda/detached_ebs_monitor.zip","function_name":"detached-ebs-monitor-develop","handler":"detached_ebs_monitor.lambda_handler","id":"detached-ebs-monitor-develop","image_config":[],"image_uri":"","invoke_arn":"arn:aws:apigateway:us-east-2:lambda:path/2015-03-31/functions/arn:aws:lambda:us-east-2:097230325524:function:detached-ebs-monitor-develop/invocations","kms_key_arn":"","last_modified":"2025-07-21T03:48:03.279+0000","layers":null,"logging_config":[{"application_log_level":"","log_format":"Text","log_group":"/aws/lambda/detached-ebs-monitor-develop","system_log_level":""}],"memory_size":128,"package_type":"Zip","publish":false,"qualified_arn":"arn:aws:lambda:us-east-2:097230325524:function:detached-ebs-monitor-develop:$LATEST","qualified_invoke_arn":"arn:aws:apigateway:us-east-2:lambda:path/2015-03-31/functions/arn:aws:lambda:us-east-2:097230325524:function:detached-ebs-monitor-develop:$LATEST/invocations","region":"us-east-2","replace_security_groups_on_destroy":null,"replacement_security_group_ids":null,"reserved_concurrent_executions":-1,"role":"arn:aws:iam::097230325524:role/detached-ebs-monitor-lambda-role-develop","runtime":"python3.9","s3_bucket":null,"s3_key":null,"s3_object_version":null,"signing_job_arn":"","signing_profile_version_arn":"","skip_destroy":false,"snap_start":[],"source_code_hash":"TDyVXo6O5THCz+4ZOTIj0r4rwhyf9kzKzOySfdvVeTw=","source_code_size":2404,"tags":null,"tags_all":{"createdBy":"terraform","environment":"develop","project":"AWS-Cost-Optimization"},"timeout":60,"timeouts":null,"tracing_config":[{"mode":"PassThrough"}],"version":"$LATEST","vpc_config":[]},"sensitive_attributes":[],"private":"eyJlMmJmYjczMC1lY2FhLTExZTYtOGY4OC0zNDM2M2JjN2M0YzAiOnsiY3JlYXRlIjo2MDAwMDAwMDAwMDAsImRlbGV0ZSI6NjAwMDAwMDAwMDAwLCJ1cGRhdGUiOjYwMDAwMDAwMDAwMH19","dependencies":["aws_iam_policy.lambda_policy","aws_iam_role.lambda_role","aws_iam_role_policy_attachment.lambda_basic_execution","aws_iam_role_policy_attachment.lambda_policy_attachment","data.archive_file.lambda_zip"]}]},{"mode":"managed","type":"aws_lambda_permission","name":"allow_cloudwatch","provider":"provider[\"registry.opentofu.org/hashicorp/aws\"]","instances":[{"schema_version":0,"attributes":{"action":"lambda:InvokeFunction","event_source_token":null,"function_name":"detached-ebs-monitor-develop","function_url_auth_type":null,"id":"AllowExecutionFromCloudWatch","principal":"events.amazonaws.com","principal_org_id":null,"qualifier":"","region":"us-east-2","source_account":null,"source_arn":"arn:aws:events:us-east-2:097230325524:rule/detached-ebs-monitor-schedule-develop","statement_id":"AllowExecutionFromCloudWatch","statement_id_prefix":""},"sensitive_attributes":[],"private":"bnVsbA==","dependencies":["aws_cloudwatch_event_rule.schedule","aws_iam_policy.lambda_policy","aws_iam_role.lambda_role","aws_iam_role_policy_attachment.lambda_basic_execution","aws_iam_role_policy_attachment.lambda_policy_attachment","aws_lambda_function.detached_ebs_monitor","data.archive_file.lambda_zip"]}]},{"mode":"managed","type":"aws_lambda_permission","name":"allow_cloudwatch_cost_explorer","provider":"provider[\"registry.opentofu.org/hashicorp/aws\"]","instances":[{"schema_version":0,"attributes":{"action":"lambda:InvokeFunction","event_source_token":null,"function_name":"detached-ebs-monitor-cost-explorer-develop","function_url_auth_type":null,"id":"AllowExecutionFromCloudWatch","principal":"events.amazonaws.com","principal_org_id":null,"qualifier":"","region":"us-east-2","source_account":null,"source_arn":"arn:aws:events:us-east-2:097230325524:rule/detached-ebs-monitor-cost-explorer-schedule-develop","statement_id":"AllowExecutionFromCloudWatch","statement_id_prefix":""},"sensitive_attributes":[],"private":"bnVsbA==","dependencies":["aws_cloudwatch_event_rule.cost_explorer_schedule","aws_iam_policy.cost_explorer_policy","aws_iam_role.cost_explorer_role","aws_iam_role_policy_attachment.cost_explorer_basic_execution","aws_iam_role_policy_attachment.cost_explorer_policy_attachment","aws_lambda_function.cost_explorer","data.archive_file.cost_explorer_zip"]}]},{"mode":"managed","type":"aws_ses_email_identity","name":"sender","provider":"provider[\"registry.opentofu.org/hashicorp/aws\"]","instances":[{"schema_version":0,"attributes":{"arn":"arn:aws:ses:us-east-2:097230325524:identity/your-verified-email@example.com","email":"your-verified-email@example.com","id":"your-verified-email@example.com","region":"us-east-2"},"sensitive_attributes":[],"private":"bnVsbA=="}]}],"check_results":null}
